// !$*UTF8*$!
{
	archiveVersion = 1;
	classes = {
	};
	objectVersion = 50;
	objects = {

/* Begin PBXBuildFile section */
		AB37A82624708B5900177B3E /* AppDelegate.swift in Sources */ = {isa = PBXBuildFile; fileRef = AB37A82524708B5900177B3E /* AppDelegate.swift */; };
		AB37A82824708B5900177B3E /* SceneDelegate.swift in Sources */ = {isa = PBXBuildFile; fileRef = AB37A82724708B5900177B3E /* SceneDelegate.swift */; };
		AB37A82A24708B5900177B3E /* ViewController.swift in Sources */ = {isa = PBXBuildFile; fileRef = AB37A82924708B5900177B3E /* ViewController.swift */; };
		AB37A82D24708B5900177B3E /* Main.storyboard in Resources */ = {isa = PBXBuildFile; fileRef = AB37A82B24708B5900177B3E /* Main.storyboard */; };
		AB37A82F24708B5B00177B3E /* Assets.xcassets in Resources */ = {isa = PBXBuildFile; fileRef = AB37A82E24708B5B00177B3E /* Assets.xcassets */; };
		AB37A83224708B5B00177B3E /* LaunchScreen.storyboard in Resources */ = {isa = PBXBuildFile; fileRef = AB37A83024708B5B00177B3E /* LaunchScreen.storyboard */; };
		AB37A83D24708B5C00177B3E /* EventOverviewTests.swift in Sources */ = {isa = PBXBuildFile; fileRef = AB37A83C24708B5C00177B3E /* EventOverviewTests.swift */; };
/* End PBXBuildFile section */

/* Begin PBXContainerItemProxy section */
		AB37A83924708B5B00177B3E /* PBXContainerItemProxy */ = {
			isa = PBXContainerItemProxy;
			containerPortal = AB37A81A24708B5900177B3E /* Project object */;
			proxyType = 1;
			remoteGlobalIDString = AB37A82124708B5900177B3E;
			remoteInfo = EventOverview;
		};
/* End PBXContainerItemProxy section */

/* Begin PBXFileReference section */
		AB37A82224708B5900177B3E /* EventOverview.app */ = {isa = PBXFileReference; explicitFileType = wrapper.application; includeInIndex = 0; path = EventOverview.app; sourceTree = BUILT_PRODUCTS_DIR; };
		AB37A82524708B5900177B3E /* AppDelegate.swift */ = {isa = PBXFileReference; lastKnownFileType = sourcecode.swift; path = AppDelegate.swift; sourceTree = "<group>"; };
		AB37A82724708B5900177B3E /* SceneDelegate.swift */ = {isa = PBXFileReference; lastKnownFileType = sourcecode.swift; path = SceneDelegate.swift; sourceTree = "<group>"; };
		AB37A82924708B5900177B3E /* ViewController.swift */ = {isa = PBXFileReference; lastKnownFileType = sourcecode.swift; path = ViewController.swift; sourceTree = "<group>"; };
		AB37A82C24708B5900177B3E /* Base */ = {isa = PBXFileReference; lastKnownFileType = file.storyboard; name = Base; path = Base.lproj/Main.storyboard; sourceTree = "<group>"; };
		AB37A82E24708B5B00177B3E /* Assets.xcassets */ = {isa = PBXFileReference; lastKnownFileType = folder.assetcatalog; path = Assets.xcassets; sourceTree = "<group>"; };
		AB37A83124708B5B00177B3E /* Base */ = {isa = PBXFileReference; lastKnownFileType = file.storyboard; name = Base; path = Base.lproj/LaunchScreen.storyboard; sourceTree = "<group>"; };
		AB37A83324708B5B00177B3E /* Info.plist */ = {isa = PBXFileReference; lastKnownFileType = text.plist.xml; path = Info.plist; sourceTree = "<group>"; };
		AB37A83824708B5B00177B3E /* EventOverviewTests.xctest */ = {isa = PBXFileReference; explicitFileType = wrapper.cfbundle; includeInIndex = 0; path = EventOverviewTests.xctest; sourceTree = BUILT_PRODUCTS_DIR; };
		AB37A83C24708B5C00177B3E /* EventOverviewTests.swift */ = {isa = PBXFileReference; lastKnownFileType = sourcecode.swift; path = EventOverviewTests.swift; sourceTree = "<group>"; };
		AB37A83E24708B5C00177B3E /* Info.plist */ = {isa = PBXFileReference; lastKnownFileType = text.plist.xml; path = Info.plist; sourceTree = "<group>"; };
/* End PBXFileReference section */

/* Begin PBXFrameworksBuildPhase section */
		AB37A81F24708B5900177B3E /* Frameworks */ = {
			isa = PBXFrameworksBuildPhase;
			buildActionMask = 2147483647;
			files = (
			);
			runOnlyForDeploymentPostprocessing = 0;
		};
		AB37A83524708B5B00177B3E /* Frameworks */ = {
			isa = PBXFrameworksBuildPhase;
			buildActionMask = 2147483647;
			files = (
			);
			runOnlyForDeploymentPostprocessing = 0;
		};
/* End PBXFrameworksBuildPhase section */

/* Begin PBXGroup section */
		AB37A81924708B5900177B3E = {
			isa = PBXGroup;
			children = (
				AB37A82424708B5900177B3E /* EventOverview */,
				AB37A84D24708F2400177B3E /* EventOverviewSlowTests */,
				AB37A83B24708B5C00177B3E /* EventOverviewTests */,
				AB37A82324708B5900177B3E /* Products */,
			);
			sourceTree = "<group>";
		};
		AB37A82324708B5900177B3E /* Products */ = {
			isa = PBXGroup;
			children = (
				AB37A82224708B5900177B3E /* EventOverview.app */,
				AB37A83824708B5B00177B3E /* EventOverviewTests.xctest */,
			);
			name = Products;
			sourceTree = "<group>";
		};
		AB37A82424708B5900177B3E /* EventOverview */ = {
			isa = PBXGroup;
			children = (
				AB37A84C24708F0900177B3E /* Resources */,
				AB37A84B24708EF200177B3E /* Storyboards */,
				AB37A84A24708EB500177B3E /* Models */,
				AB37A84924708E7E00177B3E /* View Models */,
				AB37A84824708E7400177B3E /* Views */,
				AB37A84724708B6F00177B3E /* Application */,
			);
			path = EventOverview;
			sourceTree = "<group>";
		};
		AB37A83B24708B5C00177B3E /* EventOverviewTests */ = {
			isa = PBXGroup;
			children = (
				AB37A83C24708B5C00177B3E /* EventOverviewTests.swift */,
				AB37A83E24708B5C00177B3E /* Info.plist */,
			);
			path = EventOverviewTests;
			sourceTree = "<group>";
		};
		AB37A84724708B6F00177B3E /* Application */ = {
			isa = PBXGroup;
			children = (
				AB37A83324708B5B00177B3E /* Info.plist */,
				AB37A82524708B5900177B3E /* AppDelegate.swift */,
				AB37A82724708B5900177B3E /* SceneDelegate.swift */,
			);
			path = Application;
			sourceTree = "<group>";
		};
		AB37A84824708E7400177B3E /* Views */ = {
			isa = PBXGroup;
			children = (
				AB37A82924708B5900177B3E /* ViewController.swift */,
			);
			path = Views;
			sourceTree = "<group>";
		};
		AB37A84924708E7E00177B3E /* View Models */ = {
			isa = PBXGroup;
			children = (
			);
			path = "View Models";
			sourceTree = "<group>";
		};
		AB37A84A24708EB500177B3E /* Models */ = {
			isa = PBXGroup;
			children = (
			);
			path = Models;
			sourceTree = "<group>";
		};
		AB37A84B24708EF200177B3E /* Storyboards */ = {
			isa = PBXGroup;
			children = (
				AB37A82B24708B5900177B3E /* Main.storyboard */,
				AB37A83024708B5B00177B3E /* LaunchScreen.storyboard */,
			);
			path = Storyboards;
			sourceTree = "<group>";
		};
		AB37A84C24708F0900177B3E /* Resources */ = {
			isa = PBXGroup;
			children = (
				AB37A82E24708B5B00177B3E /* Assets.xcassets */,
			);
			path = Resources;
			sourceTree = "<group>";
		};
		AB37A84D24708F2400177B3E /* EventOverviewSlowTests */ = {
			isa = PBXGroup;
			children = (
			);
			path = EventOverviewSlowTests;
			sourceTree = "<group>";
		};
/* End PBXGroup section */

/* Begin PBXNativeTarget section */
		AB37A82124708B5900177B3E /* EventOverview */ = {
			isa = PBXNativeTarget;
			buildConfigurationList = AB37A84124708B5C00177B3E /* Build configuration list for PBXNativeTarget "EventOverview" */;
			buildPhases = (
				AB37A81E24708B5900177B3E /* Sources */,
				AB37A81F24708B5900177B3E /* Frameworks */,
				AB37A82024708B5900177B3E /* Resources */,
			);
			buildRules = (
			);
			dependencies = (
			);
			name = EventOverview;
			productName = EventOverview;
			productReference = AB37A82224708B5900177B3E /* EventOverview.app */;
			productType = "com.apple.product-type.application";
		};
		AB37A83724708B5B00177B3E /* EventOverviewTests */ = {
			isa = PBXNativeTarget;
			buildConfigurationList = AB37A84424708B5C00177B3E /* Build configuration list for PBXNativeTarget "EventOverviewTests" */;
			buildPhases = (
				AB37A83424708B5B00177B3E /* Sources */,
				AB37A83524708B5B00177B3E /* Frameworks */,
				AB37A83624708B5B00177B3E /* Resources */,
			);
			buildRules = (
			);
			dependencies = (
				AB37A83A24708B5B00177B3E /* PBXTargetDependency */,
			);
			name = EventOverviewTests;
			productName = EventOverviewTests;
			productReference = AB37A83824708B5B00177B3E /* EventOverviewTests.xctest */;
			productType = "com.apple.product-type.bundle.unit-test";
		};
/* End PBXNativeTarget section */

/* Begin PBXProject section */
		AB37A81A24708B5900177B3E /* Project object */ = {
			isa = PBXProject;
			attributes = {
				LastSwiftUpdateCheck = 1130;
				LastUpgradeCheck = 1130;
				ORGANIZATIONNAME = "Wottrich Technology Company";
				TargetAttributes = {
					AB37A82124708B5900177B3E = {
						CreatedOnToolsVersion = 11.3.1;
					};
					AB37A83724708B5B00177B3E = {
						CreatedOnToolsVersion = 11.3.1;
						TestTargetID = AB37A82124708B5900177B3E;
					};
				};
			};
			buildConfigurationList = AB37A81D24708B5900177B3E /* Build configuration list for PBXProject "EventOverview" */;
			compatibilityVersion = "Xcode 9.3";
			developmentRegion = en;
			hasScannedForEncodings = 0;
			knownRegions = (
				en,
				Base,
			);
			mainGroup = AB37A81924708B5900177B3E;
			productRefGroup = AB37A82324708B5900177B3E /* Products */;
			projectDirPath = "";
			projectRoot = "";
			targets = (
				AB37A82124708B5900177B3E /* EventOverview */,
				AB37A83724708B5B00177B3E /* EventOverviewTests */,
			);
		};
/* End PBXProject section */

/* Begin PBXResourcesBuildPhase section */
		AB37A82024708B5900177B3E /* Resources */ = {
			isa = PBXResourcesBuildPhase;
			buildActionMask = 2147483647;
			files = (
				AB37A83224708B5B00177B3E /* LaunchScreen.storyboard in Resources */,
				AB37A82F24708B5B00177B3E /* Assets.xcassets in Resources */,
				AB37A82D24708B5900177B3E /* Main.storyboard in Resources */,
			);
			runOnlyForDeploymentPostprocessing = 0;
		};
		AB37A83624708B5B00177B3E /* Resources */ = {
			isa = PBXResourcesBuildPhase;
			buildActionMask = 2147483647;
			files = (
			);
			runOnlyForDeploymentPostprocessing = 0;
		};
/* End PBXResourcesBuildPhase section */

/* Begin PBXSourcesBuildPhase section */
		AB37A81E24708B5900177B3E /* Sources */ = {
			isa = PBXSourcesBuildPhase;
			buildActionMask = 2147483647;
			files = (
				AB37A82A24708B5900177B3E /* ViewController.swift in Sources */,
				AB37A82624708B5900177B3E /* AppDelegate.swift in Sources */,
				AB37A82824708B5900177B3E /* SceneDelegate.swift in Sources */,
			);
			runOnlyForDeploymentPostprocessing = 0;
		};
		AB37A83424708B5B00177B3E /* Sources */ = {
			isa = PBXSourcesBuildPhase;
			buildActionMask = 2147483647;
			files = (
				AB37A83D24708B5C00177B3E /* EventOverviewTests.swift in Sources */,
			);
			runOnlyForDeploymentPostprocessing = 0;
		};
/* End PBXSourcesBuildPhase section */

/* Begin PBXTargetDependency section */
		AB37A83A24708B5B00177B3E /* PBXTargetDependency */ = {
			isa = PBXTargetDependency;
			target = AB37A82124708B5900177B3E /* EventOverview */;
			targetProxy = AB37A83924708B5B00177B3E /* PBXContainerItemProxy */;
		};
/* End PBXTargetDependency section */

/* Begin PBXVariantGroup section */
		AB37A82B24708B5900177B3E /* Main.storyboard */ = {
			isa = PBXVariantGroup;
			children = (
				AB37A82C24708B5900177B3E /* Base */,
			);
			name = Main.storyboard;
			sourceTree = "<group>";
		};
		AB37A83024708B5B00177B3E /* LaunchScreen.storyboard */ = {
			isa = PBXVariantGroup;
			children = (
				AB37A83124708B5B00177B3E /* Base */,
			);
			name = LaunchScreen.storyboard;
			sourceTree = "<group>";
		};
/* End PBXVariantGroup section */

/* Begin XCBuildConfiguration section */
		AB37A83F24708B5C00177B3E /* Debug */ = {
			isa = XCBuildConfiguration;
			buildSettings = {
				ALWAYS_SEARCH_USER_PATHS = NO;
				CLANG_ANALYZER_NONNULL = YES;
				CLANG_ANALYZER_NUMBER_OBJECT_CONVERSION = YES_AGGRESSIVE;
				CLANG_CXX_LANGUAGE_STANDARD = "gnu++14";
				CLANG_CXX_LIBRARY = "libc++";
				CLANG_ENABLE_MODULES = YES;
				CLANG_ENABLE_OBJC_ARC = YES;
				CLANG_ENABLE_OBJC_WEAK = YES;
				CLANG_WARN_BLOCK_CAPTURE_AUTORELEASING = YES;
				CLANG_WARN_BOOL_CONVERSION = YES;
				CLANG_WARN_COMMA = YES;
				CLANG_WARN_CONSTANT_CONVERSION = YES;
				CLANG_WARN_DEPRECATED_OBJC_IMPLEMENTATIONS = YES;
				CLANG_WARN_DIRECT_OBJC_ISA_USAGE = YES_ERROR;
				CLANG_WARN_DOCUMENTATION_COMMENTS = YES;
				CLANG_WARN_EMPTY_BODY = YES;
				CLANG_WARN_ENUM_CONVERSION = YES;
				CLANG_WARN_INFINITE_RECURSION = YES;
				CLANG_WARN_INT_CONVERSION = YES;
				CLANG_WARN_NON_LITERAL_NULL_CONVERSION = YES;
				CLANG_WARN_OBJC_IMPLICIT_RETAIN_SELF = YES;
				CLANG_WARN_OBJC_LITERAL_CONVERSION = YES;
				CLANG_WARN_OBJC_ROOT_CLASS = YES_ERROR;
				CLANG_WARN_RANGE_LOOP_ANALYSIS = YES;
				CLANG_WARN_STRICT_PROTOTYPES = YES;
				CLANG_WARN_SUSPICIOUS_MOVE = YES;
				CLANG_WARN_UNGUARDED_AVAILABILITY = YES_AGGRESSIVE;
				CLANG_WARN_UNREACHABLE_CODE = YES;
				CLANG_WARN__DUPLICATE_METHOD_MATCH = YES;
				COPY_PHASE_STRIP = NO;
				DEBUG_INFORMATION_FORMAT = dwarf;
				ENABLE_STRICT_OBJC_MSGSEND = YES;
				ENABLE_TESTABILITY = YES;
				GCC_C_LANGUAGE_STANDARD = gnu11;
				GCC_DYNAMIC_NO_PIC = NO;
				GCC_NO_COMMON_BLOCKS = YES;
				GCC_OPTIMIZATION_LEVEL = 0;
				GCC_PREPROCESSOR_DEFINITIONS = (
					"DEBUG=1",
					"$(inherited)",
				);
				GCC_WARN_64_TO_32_BIT_CONVERSION = YES;
				GCC_WARN_ABOUT_RETURN_TYPE = YES_ERROR;
				GCC_WARN_UNDECLARED_SELECTOR = YES;
				GCC_WARN_UNINITIALIZED_AUTOS = YES_AGGRESSIVE;
				GCC_WARN_UNUSED_FUNCTION = YES;
				GCC_WARN_UNUSED_VARIABLE = YES;
				INFOPLIST_FILE = EventOverview/Application/Info.plist;
				IPHONEOS_DEPLOYMENT_TARGET = 13.2;
				MTL_ENABLE_DEBUG_INFO = INCLUDE_SOURCE;
				MTL_FAST_MATH = YES;
				ONLY_ACTIVE_ARCH = YES;
				SDKROOT = iphoneos;
				SWIFT_ACTIVE_COMPILATION_CONDITIONS = DEBUG;
				SWIFT_OPTIMIZATION_LEVEL = "-Onone";
			};
			name = Debug;
		};
		AB37A84024708B5C00177B3E /* Release */ = {
			isa = XCBuildConfiguration;
			buildSettings = {
				ALWAYS_SEARCH_USER_PATHS = NO;
				CLANG_ANALYZER_NONNULL = YES;
				CLANG_ANALYZER_NUMBER_OBJECT_CONVERSION = YES_AGGRESSIVE;
				CLANG_CXX_LANGUAGE_STANDARD = "gnu++14";
				CLANG_CXX_LIBRARY = "libc++";
				CLANG_ENABLE_MODULES = YES;
				CLANG_ENABLE_OBJC_ARC = YES;
				CLANG_ENABLE_OBJC_WEAK = YES;
				CLANG_WARN_BLOCK_CAPTURE_AUTORELEASING = YES;
				CLANG_WARN_BOOL_CONVERSION = YES;
				CLANG_WARN_COMMA = YES;
				CLANG_WARN_CONSTANT_CONVERSION = YES;
				CLANG_WARN_DEPRECATED_OBJC_IMPLEMENTATIONS = YES;
				CLANG_WARN_DIRECT_OBJC_ISA_USAGE = YES_ERROR;
				CLANG_WARN_DOCUMENTATION_COMMENTS = YES;
				CLANG_WARN_EMPTY_BODY = YES;
				CLANG_WARN_ENUM_CONVERSION = YES;
				CLANG_WARN_INFINITE_RECURSION = YES;
				CLANG_WARN_INT_CONVERSION = YES;
				CLANG_WARN_NON_LITERAL_NULL_CONVERSION = YES;
				CLANG_WARN_OBJC_IMPLICIT_RETAIN_SELF = YES;
				CLANG_WARN_OBJC_LITERAL_CONVERSION = YES;
				CLANG_WARN_OBJC_ROOT_CLASS = YES_ERROR;
				CLANG_WARN_RANGE_LOOP_ANALYSIS = YES;
				CLANG_WARN_STRICT_PROTOTYPES = YES;
				CLANG_WARN_SUSPICIOUS_MOVE = YES;
				CLANG_WARN_UNGUARDED_AVAILABILITY = YES_AGGRESSIVE;
				CLANG_WARN_UNREACHABLE_CODE = YES;
				CLANG_WARN__DUPLICATE_METHOD_MATCH = YES;
				COPY_PHASE_STRIP = NO;
				DEBUG_INFORMATION_FORMAT = "dwarf-with-dsym";
				ENABLE_NS_ASSERTIONS = NO;
				ENABLE_STRICT_OBJC_MSGSEND = YES;
				GCC_C_LANGUAGE_STANDARD = gnu11;
				GCC_NO_COMMON_BLOCKS = YES;
				GCC_WARN_64_TO_32_BIT_CONVERSION = YES;
				GCC_WARN_ABOUT_RETURN_TYPE = YES_ERROR;
				GCC_WARN_UNDECLARED_SELECTOR = YES;
				GCC_WARN_UNINITIALIZED_AUTOS = YES_AGGRESSIVE;
				GCC_WARN_UNUSED_FUNCTION = YES;
				GCC_WARN_UNUSED_VARIABLE = YES;
				INFOPLIST_FILE = EventOverview/Application/Info.plist;
				IPHONEOS_DEPLOYMENT_TARGET = 13.2;
				MTL_ENABLE_DEBUG_INFO = NO;
				MTL_FAST_MATH = YES;
				SDKROOT = iphoneos;
				SWIFT_COMPILATION_MODE = wholemodule;
				SWIFT_OPTIMIZATION_LEVEL = "-O";
				VALIDATE_PRODUCT = YES;
			};
			name = Release;
		};
		AB37A84224708B5C00177B3E /* Debug */ = {
			isa = XCBuildConfiguration;
			buildSettings = {
				ASSETCATALOG_COMPILER_APPICON_NAME = AppIcon;
				CODE_SIGN_IDENTITY = "Apple Development";
				CODE_SIGN_STYLE = Automatic;
				DEVELOPMENT_TEAM = 9Y7NG6T9MJ;
				INFOPLIST_FILE = EventOverview/Application/Info.plist;
				LD_RUNPATH_SEARCH_PATHS = (
					"$(inherited)",
					"@executable_path/Frameworks",
				);
				PRODUCT_BUNDLE_IDENTIFIER = github.io.wottrich.EventOverview;
				PRODUCT_NAME = "$(TARGET_NAME)";
				PROVISIONING_PROFILE_SPECIFIER = "";
				SWIFT_VERSION = 5.0;
				TARGETED_DEVICE_FAMILY = "1,2";
			};
			name = Debug;
		};
		AB37A84324708B5C00177B3E /* Release */ = {
			isa = XCBuildConfiguration;
			buildSettings = {
				ASSETCATALOG_COMPILER_APPICON_NAME = AppIcon;
				CODE_SIGN_IDENTITY = "Apple Development";
				CODE_SIGN_STYLE = Automatic;
				DEVELOPMENT_TEAM = 9Y7NG6T9MJ;
				INFOPLIST_FILE = EventOverview/Application/Info.plist;
				LD_RUNPATH_SEARCH_PATHS = (
					"$(inherited)",
					"@executable_path/Frameworks",
				);
				PRODUCT_BUNDLE_IDENTIFIER = github.io.wottrich.EventOverview;
				PRODUCT_NAME = "$(TARGET_NAME)";
				PROVISIONING_PROFILE_SPECIFIER = "";
				SWIFT_VERSION = 5.0;
				TARGETED_DEVICE_FAMILY = "1,2";
			};
			name = Release;
		};
		AB37A84524708B5C00177B3E /* Debug */ = {
			isa = XCBuildConfiguration;
			buildSettings = {
				ALWAYS_EMBED_SWIFT_STANDARD_LIBRARIES = YES;
				BUNDLE_LOADER = "$(TEST_HOST)";
				CODE_SIGN_STYLE = Automatic;
				INFOPLIST_FILE = EventOverviewTests/Info.plist;
				IPHONEOS_DEPLOYMENT_TARGET = 13.2;
				LD_RUNPATH_SEARCH_PATHS = (
					"$(inherited)",
					"@executable_path/Frameworks",
					"@loader_path/Frameworks",
				);
				PRODUCT_BUNDLE_IDENTIFIER = github.io.wottrich.EventOverviewTests;
				PRODUCT_NAME = "$(TARGET_NAME)";
				SWIFT_VERSION = 5.0;
				TARGETED_DEVICE_FAMILY = "1,2";
				TEST_HOST = "$(BUILT_PRODUCTS_DIR)/EventOverview.app/EventOverview";
			};
			name = Debug;
		};
		AB37A84624708B5C00177B3E /* Release */ = {
			isa = XCBuildConfiguration;
			buildSettings = {
				ALWAYS_EMBED_SWIFT_STANDARD_LIBRARIES = YES;
				BUNDLE_LOADER = "$(TEST_HOST)";
				CODE_SIGN_STYLE = Automatic;
				INFOPLIST_FILE = EventOverviewTests/Info.plist;
				IPHONEOS_DEPLOYMENT_TARGET = 13.2;
				LD_RUNPATH_SEARCH_PATHS = (
					"$(inherited)",
					"@executable_path/Frameworks",
					"@loader_path/Frameworks",
				);
				PRODUCT_BUNDLE_IDENTIFIER = github.io.wottrich.EventOverviewTests;
				PRODUCT_NAME = "$(TARGET_NAME)";
				SWIFT_VERSION = 5.0;
				TARGETED_DEVICE_FAMILY = "1,2";
				TEST_HOST = "$(BUILT_PRODUCTS_DIR)/EventOverview.app/EventOverview";
			};
			name = Release;
		};
/* End XCBuildConfiguration section */

/* Begin XCConfigurationList section */
		AB37A81D24708B5900177B3E /* Build configuration list for PBXProject "EventOverview" */ = {
			isa = XCConfigurationList;
			buildConfigurations = (
				AB37A83F24708B5C00177B3E /* Debug */,
				AB37A84024708B5C00177B3E /* Release */,
			);
			defaultConfigurationIsVisible = 0;
			defaultConfigurationName = Release;
		};
		AB37A84124708B5C00177B3E /* Build configuration list for PBXNativeTarget "EventOverview" */ = {
			isa = XCConfigurationList;
			buildConfigurations = (
				AB37A84224708B5C00177B3E /* Debug */,
				AB37A84324708B5C00177B3E /* Release */,
			);
			defaultConfigurationIsVisible = 0;
			defaultConfigurationName = Release;
		};
		AB37A84424708B5C00177B3E /* Build configuration list for PBXNativeTarget "EventOverviewTests" */ = {
			isa = XCConfigurationList;
			buildConfigurations = (
				AB37A84524708B5C00177B3E /* Debug */,
				AB37A84624708B5C00177B3E /* Release */,
			);
			defaultConfigurationIsVisible = 0;
			defaultConfigurationName = Release;
		};
/* End XCConfigurationList section */
	};
	rootObject = AB37A81A24708B5900177B3E /* Project object */;
}
