PODS:
  - Alamofire (5.2.0)
  - Kingfisher (5.14.0):
    - Kingfisher/Core (= 5.14.0)
  - Kingfisher/Core (5.14.0)
  - NetunoNavigation (0.0.6)
  - ObjectMapper (3.5.2)
  - SwiftyJSON (4.3.0)

DEPENDENCIES:
  - Alamofire (~> 5.2)
  - Kingfisher (~> 5.0)
  - NetunoNavigation (~> 0.0.6)
  - ObjectMapper (~> 3.4)
  - SwiftyJSON (~> 4.0)

SPEC REPOS:
  trunk:
    - Alamofire
    - Kingfisher
    - NetunoNavigation
    - ObjectMapper
    - SwiftyJSON

SPEC CHECKSUMS:
  Alamofire: c1ca147559e730bfb2182c8c7aafbdd90a867987
  Kingfisher: 7b64389a43139c903ec434788344c288217c792d
  NetunoNavigation: 5af618554443d9c4c8d53429dd53e17befb3fa92
  ObjectMapper: b53ae947d370bf89423e86be7d4e2d2b2a8d3f40
  SwiftyJSON: 6faa0040f8b59dead0ee07436cbf76b73c08fd08

PODFILE CHECKSUM: 9d3c2841b86caae5cf8976f027c0c95f92a8759a

COCOAPODS: 1.9.1
